
Microsoft Visual Studio Solution File, Format Version 12.00
# Visual Studio Version 17
VisualStudioVersion = 17.0.31903.59
MinimumVisualStudioVersion = 10.0.40219.1
Project("{FAE04EC0-301F-11D3-BF4B-00C04F79EFBC}") = "Restaurant.BackEnd.Service", "Restaurant.BackEnd.Service\Restaurant.BackEnd.Service.csproj", "{609BC67E-DDD5-40A7-A5A8-85A064A3F3FA}"
EndProject
Global
	GlobalSection(SolutionConfigurationPlatforms) = preSolution
		Debug|Any CPU = Debug|Any CPU
		Release|Any CPU = Release|Any CPU
	EndGlobalSection
	GlobalSection(SolutionProperties) = preSolution
		HideSolutionNode = FALSE
	EndGlobalSection
	GlobalSection(ProjectConfigurationPlatforms) = postSolution
		{609BC67E-DDD5-40A7-A5A8-85A064A3F3FA}.Debug|Any CPU.ActiveCfg = Debug|Any CPU
		{609BC67E-DDD5-40A7-A5A8-85A064A3F3FA}.Debug|Any CPU.Build.0 = Debug|Any CPU
		{609BC67E-DDD5-40A7-A5A8-85A064A3F3FA}.Release|Any CPU.ActiveCfg = Release|Any CPU
		{609BC67E-DDD5-40A7-A5A8-85A064A3F3FA}.Release|Any CPU.Build.0 = Release|Any CPU
	EndGlobalSection
EndGlobal
